
Microsoft Visual Studio Solution File, Format Version 12.00
# Visual Studio Version 16
VisualStudioVersion = 16.0.30804.86
MinimumVisualStudioVersion = 10.0.40219.1
Project("{FAE04EC0-301F-11D3-BF4B-00C04F79EFBC}") = "WebApiCCCactualizado", "WebApiCCCactualizado.csproj", "{0311A3CC-6632-40B6-BE25-CF8735478975}"
EndProject
Global
	GlobalSection(SolutionConfigurationPlatforms) = preSolution
		Debug|Any CPU = Debug|Any CPU
		Release|Any CPU = Release|Any CPU
	EndGlobalSection
	GlobalSection(ProjectConfigurationPlatforms) = postSolution
		{0311A3CC-6632-40B6-BE25-CF8735478975}.Debug|Any CPU.ActiveCfg = Debug|Any CPU
		{0311A3CC-6632-40B6-BE25-CF8735478975}.Debug|Any CPU.Build.0 = Debug|Any CPU
		{0311A3CC-6632-40B6-BE25-CF8735478975}.Release|Any CPU.ActiveCfg = Release|Any CPU
		{0311A3CC-6632-40B6-BE25-CF8735478975}.Release|Any CPU.Build.0 = Release|Any CPU
	EndGlobalSection
	GlobalSection(SolutionProperties) = preSolution
		HideSolutionNode = FALSE
	EndGlobalSection
	GlobalSection(ExtensibilityGlobals) = postSolution
		SolutionGuid = {5E886F32-5280-4574-898E-5A6F74409E6E}
	EndGlobalSection
EndGlobal
